
Microsoft Visual Studio Solution File, Format Version 12.00
# Visual Studio 2013
VisualStudioVersion = 12.0.31101.0
MinimumVisualStudioVersion = 10.0.40219.1
Project("{FAE04EC0-301F-11D3-BF4B-00C04F79EFBC}") = "IisConfiguration", "src\IisConfiguration\IisConfiguration.csproj", "{A1EF2031-A1B0-4AFE-84A2-7CDAB848FDE0}"
EndProject
Project("{FAE04EC0-301F-11D3-BF4B-00C04F79EFBC}") = "IisConfiguration.Tests", "src\IisConfiguration.Tests\IisConfiguration.Tests.csproj", "{7CE8A03C-6CEA-49C4-961D-2D0FFF8BD254}"
EndProject
Global
	GlobalSection(SolutionConfigurationPlatforms) = preSolution
		Debug|Any CPU = Debug|Any CPU
		Release|Any CPU = Release|Any CPU
	EndGlobalSection
	GlobalSection(ProjectConfigurationPlatforms) = postSolution
		{A1EF2031-A1B0-4AFE-84A2-7CDAB848FDE0}.Debug|Any CPU.ActiveCfg = Debug|Any CPU
		{A1EF2031-A1B0-4AFE-84A2-7CDAB848FDE0}.Debug|Any CPU.Build.0 = Debug|Any CPU
		{A1EF2031-A1B0-4AFE-84A2-7CDAB848FDE0}.Release|Any CPU.ActiveCfg = Release|Any CPU
		{A1EF2031-A1B0-4AFE-84A2-7CDAB848FDE0}.Release|Any CPU.Build.0 = Release|Any CPU
		{7CE8A03C-6CEA-49C4-961D-2D0FFF8BD254}.Debug|Any CPU.ActiveCfg = Debug|Any CPU
		{7CE8A03C-6CEA-49C4-961D-2D0FFF8BD254}.Debug|Any CPU.Build.0 = Debug|Any CPU
		{7CE8A03C-6CEA-49C4-961D-2D0FFF8BD254}.Release|Any CPU.ActiveCfg = Release|Any CPU
		{7CE8A03C-6CEA-49C4-961D-2D0FFF8BD254}.Release|Any CPU.Build.0 = Release|Any CPU
	EndGlobalSection
	GlobalSection(SolutionProperties) = preSolution
		HideSolutionNode = FALSE
	EndGlobalSection
EndGlobal
